// !$*UTF8*$!
{
	archiveVersion = 1;
	classes = {
	};
	objectVersion = 48;
	objects = {

/* Begin PBXBuildFile section */
		B572C51D1FC5252D007FD325 /* AppDelegate.swift in Sources */ = {isa = PBXBuildFile; fileRef = B572C51C1FC5252D007FD325 /* AppDelegate.swift */; };
		B572C51F1FC5252D007FD325 /* MainVC.swift in Sources */ = {isa = PBXBuildFile; fileRef = B572C51E1FC5252D007FD325 /* MainVC.swift */; };
		B572C5221FC5252D007FD325 /* Main.storyboard in Resources */ = {isa = PBXBuildFile; fileRef = B572C5201FC5252D007FD325 /* Main.storyboard */; };
		B572C5241FC5252D007FD325 /* Assets.xcassets in Resources */ = {isa = PBXBuildFile; fileRef = B572C5231FC5252D007FD325 /* Assets.xcassets */; };
		B572C5271FC5252D007FD325 /* LaunchScreen.storyboard in Resources */ = {isa = PBXBuildFile; fileRef = B572C5251FC5252D007FD325 /* LaunchScreen.storyboard */; };
		B572C5311FC52ADC007FD325 /* CurrencyTxtField.swift in Sources */ = {isa = PBXBuildFile; fileRef = B572C5301FC52ADB007FD325 /* CurrencyTxtField.swift */; };
		B578EE4E1FC605BA00DAE283 /* windowShopperTests.swift in Sources */ = {isa = PBXBuildFile; fileRef = B578EE4D1FC605BA00DAE283 /* windowShopperTests.swift */; };
		B578EE571FC605ED00DAE283 /* Wage.swift in Sources */ = {isa = PBXBuildFile; fileRef = B578EE561FC605ED00DAE283 /* Wage.swift */; };
		B578EE581FC6082C00DAE283 /* Wage.swift in Sources */ = {isa = PBXBuildFile; fileRef = B578EE561FC605ED00DAE283 /* Wage.swift */; };
/* End PBXBuildFile section */

/* Begin PBXContainerItemProxy section */
		B578EE501FC605BA00DAE283 /* PBXContainerItemProxy */ = {
			isa = PBXContainerItemProxy;
			containerPortal = B572C5111FC5252C007FD325 /* Project object */;
			proxyType = 1;
			remoteGlobalIDString = B572C5181FC5252C007FD325;
			remoteInfo = windowShopper;
		};
/* End PBXContainerItemProxy section */

/* Begin PBXFileReference section */
		B572C5191FC5252C007FD325 /* windowShopper.app */ = {isa = PBXFileReference; explicitFileType = wrapper.application; includeInIndex = 0; path = windowShopper.app; sourceTree = BUILT_PRODUCTS_DIR; };
		B572C51C1FC5252D007FD325 /* AppDelegate.swift */ = {isa = PBXFileReference; lastKnownFileType = sourcecode.swift; path = AppDelegate.swift; sourceTree = "<group>"; };
		B572C51E1FC5252D007FD325 /* MainVC.swift */ = {isa = PBXFileReference; lastKnownFileType = sourcecode.swift; path = MainVC.swift; sourceTree = "<group>"; };
		B572C5211FC5252D007FD325 /* Base */ = {isa = PBXFileReference; lastKnownFileType = file.storyboard; name = Base; path = Base.lproj/Main.storyboard; sourceTree = "<group>"; };
		B572C5231FC5252D007FD325 /* Assets.xcassets */ = {isa = PBXFileReference; lastKnownFileType = folder.assetcatalog; path = Assets.xcassets; sourceTree = "<group>"; };
		B572C5261FC5252D007FD325 /* Base */ = {isa = PBXFileReference; lastKnownFileType = file.storyboard; name = Base; path = Base.lproj/LaunchScreen.storyboard; sourceTree = "<group>"; };
		B572C5281FC5252D007FD325 /* Info.plist */ = {isa = PBXFileReference; lastKnownFileType = text.plist.xml; path = Info.plist; sourceTree = "<group>"; };
		B572C5301FC52ADB007FD325 /* CurrencyTxtField.swift */ = {isa = PBXFileReference; lastKnownFileType = sourcecode.swift; path = CurrencyTxtField.swift; sourceTree = "<group>"; };
		B578EE4B1FC605B900DAE283 /* windowShopperTests.xctest */ = {isa = PBXFileReference; explicitFileType = wrapper.cfbundle; includeInIndex = 0; path = windowShopperTests.xctest; sourceTree = BUILT_PRODUCTS_DIR; };
		B578EE4D1FC605BA00DAE283 /* windowShopperTests.swift */ = {isa = PBXFileReference; lastKnownFileType = sourcecode.swift; path = windowShopperTests.swift; sourceTree = "<group>"; };
		B578EE4F1FC605BA00DAE283 /* Info.plist */ = {isa = PBXFileReference; lastKnownFileType = text.plist.xml; path = Info.plist; sourceTree = "<group>"; };
		B578EE561FC605ED00DAE283 /* Wage.swift */ = {isa = PBXFileReference; lastKnownFileType = sourcecode.swift; path = Wage.swift; sourceTree = "<group>"; };
/* End PBXFileReference section */

/* Begin PBXFrameworksBuildPhase section */
		B572C5161FC5252C007FD325 /* Frameworks */ = {
			isa = PBXFrameworksBuildPhase;
			buildActionMask = 2147483647;
			files = (
			);
			runOnlyForDeploymentPostprocessing = 0;
		};
		B578EE481FC605B900DAE283 /* Frameworks */ = {
			isa = PBXFrameworksBuildPhase;
			buildActionMask = 2147483647;
			files = (
			);
			runOnlyForDeploymentPostprocessing = 0;
		};
/* End PBXFrameworksBuildPhase section */

/* Begin PBXGroup section */
		B572C5101FC5252C007FD325 = {
			isa = PBXGroup;
			children = (
				B572C51B1FC5252D007FD325 /* windowShopper */,
				B578EE4C1FC605B900DAE283 /* windowShopperTests */,
				B572C51A1FC5252C007FD325 /* Products */,
			);
			sourceTree = "<group>";
		};
		B572C51A1FC5252C007FD325 /* Products */ = {
			isa = PBXGroup;
			children = (
				B572C5191FC5252C007FD325 /* windowShopper.app */,
				B578EE4B1FC605B900DAE283 /* windowShopperTests.xctest */,
			);
			name = Products;
			sourceTree = "<group>";
		};
		B572C51B1FC5252D007FD325 /* windowShopper */ = {
			isa = PBXGroup;
			children = (
				B578EE551FC605C700DAE283 /* Model */,
				B572C52F1FC52A93007FD325 /* Views */,
				B572C52E1FC527F8007FD325 /* Controller */,
				B572C51C1FC5252D007FD325 /* AppDelegate.swift */,
				B572C5201FC5252D007FD325 /* Main.storyboard */,
				B572C5231FC5252D007FD325 /* Assets.xcassets */,
				B572C5251FC5252D007FD325 /* LaunchScreen.storyboard */,
				B572C5281FC5252D007FD325 /* Info.plist */,
			);
			path = windowShopper;
			sourceTree = "<group>";
		};
		B572C52E1FC527F8007FD325 /* Controller */ = {
			isa = PBXGroup;
			children = (
				B572C51E1FC5252D007FD325 /* MainVC.swift */,
			);
			path = Controller;
			sourceTree = "<group>";
		};
		B572C52F1FC52A93007FD325 /* Views */ = {
			isa = PBXGroup;
			children = (
				B572C5301FC52ADB007FD325 /* CurrencyTxtField.swift */,
			);
			path = Views;
			sourceTree = "<group>";
		};
		B578EE4C1FC605B900DAE283 /* windowShopperTests */ = {
			isa = PBXGroup;
			children = (
				B578EE4D1FC605BA00DAE283 /* windowShopperTests.swift */,
				B578EE4F1FC605BA00DAE283 /* Info.plist */,
			);
			path = windowShopperTests;
			sourceTree = "<group>";
		};
		B578EE551FC605C700DAE283 /* Model */ = {
			isa = PBXGroup;
			children = (
				B578EE561FC605ED00DAE283 /* Wage.swift */,
			);
			path = Model;
			sourceTree = "<group>";
		};
/* End PBXGroup section */

/* Begin PBXNativeTarget section */
		B572C5181FC5252C007FD325 /* windowShopper */ = {
			isa = PBXNativeTarget;
			buildConfigurationList = B572C52B1FC5252D007FD325 /* Build configuration list for PBXNativeTarget "windowShopper" */;
			buildPhases = (
				B572C5151FC5252C007FD325 /* Sources */,
				B572C5161FC5252C007FD325 /* Frameworks */,
				B572C5171FC5252C007FD325 /* Resources */,
			);
			buildRules = (
			);
			dependencies = (
			);
			name = windowShopper;
			productName = windowShopper;
			productReference = B572C5191FC5252C007FD325 /* windowShopper.app */;
			productType = "com.apple.product-type.application";
		};
		B578EE4A1FC605B900DAE283 /* windowShopperTests */ = {
			isa = PBXNativeTarget;
			buildConfigurationList = B578EE541FC605BA00DAE283 /* Build configuration list for PBXNativeTarget "windowShopperTests" */;
			buildPhases = (
				B578EE471FC605B900DAE283 /* Sources */,
				B578EE481FC605B900DAE283 /* Frameworks */,
				B578EE491FC605B900DAE283 /* Resources */,
			);
			buildRules = (
			);
			dependencies = (
				B578EE511FC605BA00DAE283 /* PBXTargetDependency */,
			);
			name = windowShopperTests;
			productName = windowShopperTests;
			productReference = B578EE4B1FC605B900DAE283 /* windowShopperTests.xctest */;
			productType = "com.apple.product-type.bundle.unit-test";
		};
/* End PBXNativeTarget section */

/* Begin PBXProject section */
		B572C5111FC5252C007FD325 /* Project object */ = {
			isa = PBXProject;
			attributes = {
				LastSwiftUpdateCheck = 0910;
				LastUpgradeCheck = 0910;
				ORGANIZATIONNAME = "Jockey Wilson";
				TargetAttributes = {
					B572C5181FC5252C007FD325 = {
						CreatedOnToolsVersion = 9.1;
						ProvisioningStyle = Automatic;
					};
					B578EE4A1FC605B900DAE283 = {
						CreatedOnToolsVersion = 9.1;
						ProvisioningStyle = Automatic;
						TestTargetID = B572C5181FC5252C007FD325;
					};
				};
			};
			buildConfigurationList = B572C5141FC5252C007FD325 /* Build configuration list for PBXProject "windowShopper" */;
			compatibilityVersion = "Xcode 8.0";
			developmentRegion = en;
			hasScannedForEncodings = 0;
			knownRegions = (
				en,
				Base,
			);
			mainGroup = B572C5101FC5252C007FD325;
			productRefGroup = B572C51A1FC5252C007FD325 /* Products */;
			projectDirPath = "";
			projectRoot = "";
			targets = (
				B572C5181FC5252C007FD325 /* windowShopper */,
				B578EE4A1FC605B900DAE283 /* windowShopperTests */,
			);
		};
/* End PBXProject section */

/* Begin PBXResourcesBuildPhase section */
		B572C5171FC5252C007FD325 /* Resources */ = {
			isa = PBXResourcesBuildPhase;
			buildActionMask = 2147483647;
			files = (
				B572C5271FC5252D007FD325 /* LaunchScreen.storyboard in Resources */,
				B572C5241FC5252D007FD325 /* Assets.xcassets in Resources */,
				B572C5221FC5252D007FD325 /* Main.storyboard in Resources */,
			);
			runOnlyForDeploymentPostprocessing = 0;
		};
		B578EE491FC605B900DAE283 /* Resources */ = {
			isa = PBXResourcesBuildPhase;
			buildActionMask = 2147483647;
			files = (
			);
			runOnlyForDeploymentPostprocessing = 0;
		};
/* End PBXResourcesBuildPhase section */

/* Begin PBXSourcesBuildPhase section */
		B572C5151FC5252C007FD325 /* Sources */ = {
			isa = PBXSourcesBuildPhase;
			buildActionMask = 2147483647;
			files = (
				B572C5311FC52ADC007FD325 /* CurrencyTxtField.swift in Sources */,
				B578EE571FC605ED00DAE283 /* Wage.swift in Sources */,
				B572C51F1FC5252D007FD325 /* MainVC.swift in Sources */,
				B572C51D1FC5252D007FD325 /* AppDelegate.swift in Sources */,
			);
			runOnlyForDeploymentPostprocessing = 0;
		};
		B578EE471FC605B900DAE283 /* Sources */ = {
			isa = PBXSourcesBuildPhase;
			buildActionMask = 2147483647;
			files = (
				B578EE4E1FC605BA00DAE283 /* windowShopperTests.swift in Sources */,
				B578EE581FC6082C00DAE283 /* Wage.swift in Sources */,
			);
			runOnlyForDeploymentPostprocessing = 0;
		};
/* End PBXSourcesBuildPhase section */

/* Begin PBXTargetDependency section */
		B578EE511FC605BA00DAE283 /* PBXTargetDependency */ = {
			isa = PBXTargetDependency;
			target = B572C5181FC5252C007FD325 /* windowShopper */;
			targetProxy = B578EE501FC605BA00DAE283 /* PBXContainerItemProxy */;
		};
/* End PBXTargetDependency section */

/* Begin PBXVariantGroup section */
		B572C5201FC5252D007FD325 /* Main.storyboard */ = {
			isa = PBXVariantGroup;
			children = (
				B572C5211FC5252D007FD325 /* Base */,
			);
			name = Main.storyboard;
			sourceTree = "<group>";
		};
		B572C5251FC5252D007FD325 /* LaunchScreen.storyboard */ = {
			isa = PBXVariantGroup;
			children = (
				B572C5261FC5252D007FD325 /* Base */,
			);
			name = LaunchScreen.storyboard;
			sourceTree = "<group>";
		};
/* End PBXVariantGroup section */

/* Begin XCBuildConfiguration section */
		B572C5291FC5252D007FD325 /* Debug */ = {
			isa = XCBuildConfiguration;
			buildSettings = {
				ALWAYS_SEARCH_USER_PATHS = NO;
				CLANG_ANALYZER_NONNULL = YES;
				CLANG_ANALYZER_NUMBER_OBJECT_CONVERSION = YES_AGGRESSIVE;
				CLANG_CXX_LANGUAGE_STANDARD = "gnu++14";
				CLANG_CXX_LIBRARY = "libc++";
				CLANG_ENABLE_MODULES = YES;
				CLANG_ENABLE_OBJC_ARC = YES;
				CLANG_WARN_BLOCK_CAPTURE_AUTORELEASING = YES;
				CLANG_WARN_BOOL_CONVERSION = YES;
				CLANG_WARN_COMMA = YES;
				CLANG_WARN_CONSTANT_CONVERSION = YES;
				CLANG_WARN_DIRECT_OBJC_ISA_USAGE = YES_ERROR;
				CLANG_WARN_DOCUMENTATION_COMMENTS = YES;
				CLANG_WARN_EMPTY_BODY = YES;
				CLANG_WARN_ENUM_CONVERSION = YES;
				CLANG_WARN_INFINITE_RECURSION = YES;
				CLANG_WARN_INT_CONVERSION = YES;
				CLANG_WARN_NON_LITERAL_NULL_CONVERSION = YES;
				CLANG_WARN_OBJC_LITERAL_CONVERSION = YES;
				CLANG_WARN_OBJC_ROOT_CLASS = YES_ERROR;
				CLANG_WARN_RANGE_LOOP_ANALYSIS = YES;
				CLANG_WARN_STRICT_PROTOTYPES = YES;
				CLANG_WARN_SUSPICIOUS_MOVE = YES;
				CLANG_WARN_UNGUARDED_AVAILABILITY = YES_AGGRESSIVE;
				CLANG_WARN_UNREACHABLE_CODE = YES;
				CLANG_WARN__DUPLICATE_METHOD_MATCH = YES;
				CODE_SIGN_IDENTITY = "iPhone Developer";
				COPY_PHASE_STRIP = NO;
				DEBUG_INFORMATION_FORMAT = dwarf;
				ENABLE_STRICT_OBJC_MSGSEND = YES;
				ENABLE_TESTABILITY = YES;
				GCC_C_LANGUAGE_STANDARD = gnu11;
				GCC_DYNAMIC_NO_PIC = NO;
				GCC_NO_COMMON_BLOCKS = YES;
				GCC_OPTIMIZATION_LEVEL = 0;
				GCC_PREPROCESSOR_DEFINITIONS = (
					"DEBUG=1",
					"$(inherited)",
				);
				GCC_WARN_64_TO_32_BIT_CONVERSION = YES;
				GCC_WARN_ABOUT_RETURN_TYPE = YES_ERROR;
				GCC_WARN_UNDECLARED_SELECTOR = YES;
				GCC_WARN_UNINITIALIZED_AUTOS = YES_AGGRESSIVE;
				GCC_WARN_UNUSED_FUNCTION = YES;
				GCC_WARN_UNUSED_VARIABLE = YES;
				IPHONEOS_DEPLOYMENT_TARGET = 11.1;
				MTL_ENABLE_DEBUG_INFO = YES;
				ONLY_ACTIVE_ARCH = YES;
				SDKROOT = iphoneos;
				SWIFT_ACTIVE_COMPILATION_CONDITIONS = DEBUG;
				SWIFT_OPTIMIZATION_LEVEL = "-Onone";
			};
			name = Debug;
		};
		B572C52A1FC5252D007FD325 /* Release */ = {
			isa = XCBuildConfiguration;
			buildSettings = {
				ALWAYS_SEARCH_USER_PATHS = NO;
				CLANG_ANALYZER_NONNULL = YES;
				CLANG_ANALYZER_NUMBER_OBJECT_CONVERSION = YES_AGGRESSIVE;
				CLANG_CXX_LANGUAGE_STANDARD = "gnu++14";
				CLANG_CXX_LIBRARY = "libc++";
				CLANG_ENABLE_MODULES = YES;
				CLANG_ENABLE_OBJC_ARC = YES;
				CLANG_WARN_BLOCK_CAPTURE_AUTORELEASING = YES;
				CLANG_WARN_BOOL_CONVERSION = YES;
				CLANG_WARN_COMMA = YES;
				CLANG_WARN_CONSTANT_CONVERSION = YES;
				CLANG_WARN_DIRECT_OBJC_ISA_USAGE = YES_ERROR;
				CLANG_WARN_DOCUMENTATION_COMMENTS = YES;
				CLANG_WARN_EMPTY_BODY = YES;
				CLANG_WARN_ENUM_CONVERSION = YES;
				CLANG_WARN_INFINITE_RECURSION = YES;
				CLANG_WARN_INT_CONVERSION = YES;
				CLANG_WARN_NON_LITERAL_NULL_CONVERSION = YES;
				CLANG_WARN_OBJC_LITERAL_CONVERSION = YES;
				CLANG_WARN_OBJC_ROOT_CLASS = YES_ERROR;
				CLANG_WARN_RANGE_LOOP_ANALYSIS = YES;
				CLANG_WARN_STRICT_PROTOTYPES = YES;
				CLANG_WARN_SUSPICIOUS_MOVE = YES;
				CLANG_WARN_UNGUARDED_AVAILABILITY = YES_AGGRESSIVE;
				CLANG_WARN_UNREACHABLE_CODE = YES;
				CLANG_WARN__DUPLICATE_METHOD_MATCH = YES;
				CODE_SIGN_IDENTITY = "iPhone Developer";
				COPY_PHASE_STRIP = NO;
				DEBUG_INFORMATION_FORMAT = "dwarf-with-dsym";
				ENABLE_NS_ASSERTIONS = NO;
				ENABLE_STRICT_OBJC_MSGSEND = YES;
				GCC_C_LANGUAGE_STANDARD = gnu11;
				GCC_NO_COMMON_BLOCKS = YES;
				GCC_WARN_64_TO_32_BIT_CONVERSION = YES;
				GCC_WARN_ABOUT_RETURN_TYPE = YES_ERROR;
				GCC_WARN_UNDECLARED_SELECTOR = YES;
				GCC_WARN_UNINITIALIZED_AUTOS = YES_AGGRESSIVE;
				GCC_WARN_UNUSED_FUNCTION = YES;
				GCC_WARN_UNUSED_VARIABLE = YES;
				IPHONEOS_DEPLOYMENT_TARGET = 11.1;
				MTL_ENABLE_DEBUG_INFO = NO;
				SDKROOT = iphoneos;
				SWIFT_OPTIMIZATION_LEVEL = "-Owholemodule";
				VALIDATE_PRODUCT = YES;
			};
			name = Release;
		};
		B572C52C1FC5252D007FD325 /* Debug */ = {
			isa = XCBuildConfiguration;
			buildSettings = {
				ASSETCATALOG_COMPILER_APPICON_NAME = AppIcon;
				CODE_SIGN_STYLE = Automatic;
				DEVELOPMENT_TEAM = 4U3MA83U55;
				INFOPLIST_FILE = windowShopper/Info.plist;
				LD_RUNPATH_SEARCH_PATHS = "$(inherited) @executable_path/Frameworks";
				PRODUCT_BUNDLE_IDENTIFIER = com..windowShopper;
				PRODUCT_NAME = "$(TARGET_NAME)";
				SWIFT_VERSION = 4.0;
				TARGETED_DEVICE_FAMILY = "1,2";
			};
			name = Debug;
		};
		B572C52D1FC5252D007FD325 /* Release */ = {
			isa = XCBuildConfiguration;
			buildSettings = {
				ASSETCATALOG_COMPILER_APPICON_NAME = AppIcon;
				CODE_SIGN_STYLE = Automatic;
				DEVELOPMENT_TEAM = 4U3MA83U55;
				INFOPLIST_FILE = windowShopper/Info.plist;
				LD_RUNPATH_SEARCH_PATHS = "$(inherited) @executable_path/Frameworks";
				PRODUCT_BUNDLE_IDENTIFIER = com..windowShopper;
				PRODUCT_NAME = "$(TARGET_NAME)";
				SWIFT_VERSION = 4.0;
				TARGETED_DEVICE_FAMILY = "1,2";
			};
			name = Release;
		};
		B578EE521FC605BA00DAE283 /* Debug */ = {
			isa = XCBuildConfiguration;
			buildSettings = {
				BUNDLE_LOADER = "$(TEST_HOST)";
				CODE_SIGN_STYLE = Automatic;
				DEVELOPMENT_TEAM = 4U3MA83U55;
				INFOPLIST_FILE = windowShopperTests/Info.plist;
				LD_RUNPATH_SEARCH_PATHS = "$(inherited) @executable_path/Frameworks @loader_path/Frameworks";
				PRODUCT_BUNDLE_IDENTIFIER = com..windowShopperTests;
				PRODUCT_NAME = "$(TARGET_NAME)";
				SWIFT_VERSION = 4.0;
				TARGETED_DEVICE_FAMILY = "1,2";
				TEST_HOST = "$(BUILT_PRODUCTS_DIR)/windowShopper.app/windowShopper";
			};
			name = Debug;
		};
		B578EE531FC605BA00DAE283 /* Release */ = {
			isa = XCBuildConfiguration;
			buildSettings = {
				BUNDLE_LOADER = "$(TEST_HOST)";
				CODE_SIGN_STYLE = Automatic;
				DEVELOPMENT_TEAM = 4U3MA83U55;
				INFOPLIST_FILE = windowShopperTests/Info.plist;
				LD_RUNPATH_SEARCH_PATHS = "$(inherited) @executable_path/Frameworks @loader_path/Frameworks";
				PRODUCT_BUNDLE_IDENTIFIER = com..windowShopperTests;
				PRODUCT_NAME = "$(TARGET_NAME)";
				SWIFT_VERSION = 4.0;
				TARGETED_DEVICE_FAMILY = "1,2";
				TEST_HOST = "$(BUILT_PRODUCTS_DIR)/windowShopper.app/windowShopper";
			};
			name = Release;
		};
/* End XCBuildConfiguration section */

/* Begin XCConfigurationList section */
		B572C5141FC5252C007FD325 /* Build configuration list for PBXProject "windowShopper" */ = {
			isa = XCConfigurationList;
			buildConfigurations = (
				B572C5291FC5252D007FD325 /* Debug */,
				B572C52A1FC5252D007FD325 /* Release */,
			);
			defaultConfigurationIsVisible = 0;
			defaultConfigurationName = Release;
		};
		B572C52B1FC5252D007FD325 /* Build configuration list for PBXNativeTarget "windowShopper" */ = {
			isa = XCConfigurationList;
			buildConfigurations = (
				B572C52C1FC5252D007FD325 /* Debug */,
				B572C52D1FC5252D007FD325 /* Release */,
			);
			defaultConfigurationIsVisible = 0;
			defaultConfigurationName = Release;
		};
		B578EE541FC605BA00DAE283 /* Build configuration list for PBXNativeTarget "windowShopperTests" */ = {
			isa = XCConfigurationList;
			buildConfigurations = (
				B578EE521FC605BA00DAE283 /* Debug */,
				B578EE531FC605BA00DAE283 /* Release */,
			);
			defaultConfigurationIsVisible = 0;
			defaultConfigurationName = Release;
		};
/* End XCConfigurationList section */
	};
	rootObject = B572C5111FC5252C007FD325 /* Project object */;
}
